{
    "name": "appian-expression-formatter-and-syntax-highlighter",
    "version": "0.0.7",
    "lockfileVersion": 3,
    "requires": true,
    "packages": {
        "": {
            "name": "appian-expression-formatter-and-syntax-highlighter",
            "version": "0.0.7",
            "engines": {
                "vscode": "^1.60.0"
            }
        }
    }
}
